// !$*UTF8*$!
{
	archiveVersion = 1;
	classes = {
	};
	objectVersion = 46;
	objects = {

/* Begin PBXBuildFile section */
		186582C41DE3B86D000BDDD7 /* AppDelegate.swift in Sources */ = {isa = PBXBuildFile; fileRef = 186582C31DE3B86D000BDDD7 /* AppDelegate.swift */; };
		186582C61DE3B86D000BDDD7 /* ViewController.swift in Sources */ = {isa = PBXBuildFile; fileRef = 186582C51DE3B86D000BDDD7 /* ViewController.swift */; };
		186582C81DE3B86D000BDDD7 /* Assets.xcassets in Resources */ = {isa = PBXBuildFile; fileRef = 186582C71DE3B86D000BDDD7 /* Assets.xcassets */; };
		186582CB1DE3B86E000BDDD7 /* Main.storyboard in Resources */ = {isa = PBXBuildFile; fileRef = 186582C91DE3B86E000BDDD7 /* Main.storyboard */; };
		186582D61DE3B86E000BDDD7 /* DinoTests.swift in Sources */ = {isa = PBXBuildFile; fileRef = 186582D51DE3B86E000BDDD7 /* DinoTests.swift */; };
		186582E11DE3B86E000BDDD7 /* DinoUITests.swift in Sources */ = {isa = PBXBuildFile; fileRef = 186582E01DE3B86E000BDDD7 /* DinoUITests.swift */; };
		186582EF1DE3BC00000BDDD7 /* WindowController.swift in Sources */ = {isa = PBXBuildFile; fileRef = 186582EE1DE3BC00000BDDD7 /* WindowController.swift */; };
		186582F41DE4A9FC000BDDD7 /* SpriteKit.framework in Frameworks */ = {isa = PBXBuildFile; fileRef = 186582F31DE4A9FC000BDDD7 /* SpriteKit.framework */; };
		186582F61DE4C4B1000BDDD7 /* DinoScene.swift in Sources */ = {isa = PBXBuildFile; fileRef = 186582F51DE4C4B1000BDDD7 /* DinoScene.swift */; };
		186582F81DE4C616000BDDD7 /* DinoView.swift in Sources */ = {isa = PBXBuildFile; fileRef = 186582F71DE4C616000BDDD7 /* DinoView.swift */; };
/* End PBXBuildFile section */

/* Begin PBXContainerItemProxy section */
		186582D21DE3B86E000BDDD7 /* PBXContainerItemProxy */ = {
			isa = PBXContainerItemProxy;
			containerPortal = 186582B81DE3B86D000BDDD7 /* Project object */;
			proxyType = 1;
			remoteGlobalIDString = 186582BF1DE3B86D000BDDD7;
			remoteInfo = Dino;
		};
		186582DD1DE3B86E000BDDD7 /* PBXContainerItemProxy */ = {
			isa = PBXContainerItemProxy;
			containerPortal = 186582B81DE3B86D000BDDD7 /* Project object */;
			proxyType = 1;
			remoteGlobalIDString = 186582BF1DE3B86D000BDDD7;
			remoteInfo = Dino;
		};
/* End PBXContainerItemProxy section */

/* Begin PBXFileReference section */
		186582C01DE3B86D000BDDD7 /* Dino.app */ = {isa = PBXFileReference; explicitFileType = wrapper.application; includeInIndex = 0; path = Dino.app; sourceTree = BUILT_PRODUCTS_DIR; };
		186582C31DE3B86D000BDDD7 /* AppDelegate.swift */ = {isa = PBXFileReference; lastKnownFileType = sourcecode.swift; path = AppDelegate.swift; sourceTree = "<group>"; };
		186582C51DE3B86D000BDDD7 /* ViewController.swift */ = {isa = PBXFileReference; lastKnownFileType = sourcecode.swift; path = ViewController.swift; sourceTree = "<group>"; };
		186582C71DE3B86D000BDDD7 /* Assets.xcassets */ = {isa = PBXFileReference; lastKnownFileType = folder.assetcatalog; path = Assets.xcassets; sourceTree = "<group>"; };
		186582CA1DE3B86E000BDDD7 /* Base */ = {isa = PBXFileReference; lastKnownFileType = file.storyboard; name = Base; path = Base.lproj/Main.storyboard; sourceTree = "<group>"; };
		186582CC1DE3B86E000BDDD7 /* Info.plist */ = {isa = PBXFileReference; lastKnownFileType = text.plist.xml; path = Info.plist; sourceTree = "<group>"; };
		186582D11DE3B86E000BDDD7 /* DinoTests.xctest */ = {isa = PBXFileReference; explicitFileType = wrapper.cfbundle; includeInIndex = 0; path = DinoTests.xctest; sourceTree = BUILT_PRODUCTS_DIR; };
		186582D51DE3B86E000BDDD7 /* DinoTests.swift */ = {isa = PBXFileReference; lastKnownFileType = sourcecode.swift; path = DinoTests.swift; sourceTree = "<group>"; };
		186582D71DE3B86E000BDDD7 /* Info.plist */ = {isa = PBXFileReference; lastKnownFileType = text.plist.xml; path = Info.plist; sourceTree = "<group>"; };
		186582DC1DE3B86E000BDDD7 /* DinoUITests.xctest */ = {isa = PBXFileReference; explicitFileType = wrapper.cfbundle; includeInIndex = 0; path = DinoUITests.xctest; sourceTree = BUILT_PRODUCTS_DIR; };
		186582E01DE3B86E000BDDD7 /* DinoUITests.swift */ = {isa = PBXFileReference; lastKnownFileType = sourcecode.swift; path = DinoUITests.swift; sourceTree = "<group>"; };
		186582E21DE3B86E000BDDD7 /* Info.plist */ = {isa = PBXFileReference; lastKnownFileType = text.plist.xml; path = Info.plist; sourceTree = "<group>"; };
		186582EE1DE3BC00000BDDD7 /* WindowController.swift */ = {isa = PBXFileReference; fileEncoding = 4; lastKnownFileType = sourcecode.swift; path = WindowController.swift; sourceTree = "<group>"; };
		186582F31DE4A9FC000BDDD7 /* SpriteKit.framework */ = {isa = PBXFileReference; lastKnownFileType = wrapper.framework; name = SpriteKit.framework; path = System/Library/Frameworks/SpriteKit.framework; sourceTree = SDKROOT; };
		186582F51DE4C4B1000BDDD7 /* DinoScene.swift */ = {isa = PBXFileReference; fileEncoding = 4; lastKnownFileType = sourcecode.swift; path = DinoScene.swift; sourceTree = "<group>"; };
		186582F71DE4C616000BDDD7 /* DinoView.swift */ = {isa = PBXFileReference; fileEncoding = 4; lastKnownFileType = sourcecode.swift; path = DinoView.swift; sourceTree = "<group>"; };
/* End PBXFileReference section */

/* Begin PBXFrameworksBuildPhase section */
		186582BD1DE3B86D000BDDD7 /* Frameworks */ = {
			isa = PBXFrameworksBuildPhase;
			buildActionMask = 2147483647;
			files = (
				186582F41DE4A9FC000BDDD7 /* SpriteKit.framework in Frameworks */,
			);
			runOnlyForDeploymentPostprocessing = 0;
		};
		186582CE1DE3B86E000BDDD7 /* Frameworks */ = {
			isa = PBXFrameworksBuildPhase;
			buildActionMask = 2147483647;
			files = (
			);
			runOnlyForDeploymentPostprocessing = 0;
		};
		186582D91DE3B86E000BDDD7 /* Frameworks */ = {
			isa = PBXFrameworksBuildPhase;
			buildActionMask = 2147483647;
			files = (
			);
			runOnlyForDeploymentPostprocessing = 0;
		};
/* End PBXFrameworksBuildPhase section */

/* Begin PBXGroup section */
		186582B71DE3B86D000BDDD7 = {
			isa = PBXGroup;
			children = (
				186582C21DE3B86D000BDDD7 /* Dino */,
				186582D41DE3B86E000BDDD7 /* DinoTests */,
				186582DF1DE3B86E000BDDD7 /* DinoUITests */,
				186582C11DE3B86D000BDDD7 /* Products */,
				186582F21DE4A9FC000BDDD7 /* Frameworks */,
			);
			sourceTree = "<group>";
		};
		186582C11DE3B86D000BDDD7 /* Products */ = {
			isa = PBXGroup;
			children = (
				186582C01DE3B86D000BDDD7 /* Dino.app */,
				186582D11DE3B86E000BDDD7 /* DinoTests.xctest */,
				186582DC1DE3B86E000BDDD7 /* DinoUITests.xctest */,
			);
			name = Products;
			sourceTree = "<group>";
		};
		186582C21DE3B86D000BDDD7 /* Dino */ = {
			isa = PBXGroup;
			children = (
				186582C31DE3B86D000BDDD7 /* AppDelegate.swift */,
				186582EE1DE3BC00000BDDD7 /* WindowController.swift */,
				186582C51DE3B86D000BDDD7 /* ViewController.swift */,
				186582F71DE4C616000BDDD7 /* DinoView.swift */,
				186582F51DE4C4B1000BDDD7 /* DinoScene.swift */,
				186582C71DE3B86D000BDDD7 /* Assets.xcassets */,
				186582C91DE3B86E000BDDD7 /* Main.storyboard */,
				186582CC1DE3B86E000BDDD7 /* Info.plist */,
			);
			path = Dino;
			sourceTree = "<group>";
		};
		186582D41DE3B86E000BDDD7 /* DinoTests */ = {
			isa = PBXGroup;
			children = (
				186582D51DE3B86E000BDDD7 /* DinoTests.swift */,
				186582D71DE3B86E000BDDD7 /* Info.plist */,
			);
			path = DinoTests;
			sourceTree = "<group>";
		};
		186582DF1DE3B86E000BDDD7 /* DinoUITests */ = {
			isa = PBXGroup;
			children = (
				186582E01DE3B86E000BDDD7 /* DinoUITests.swift */,
				186582E21DE3B86E000BDDD7 /* Info.plist */,
			);
			path = DinoUITests;
			sourceTree = "<group>";
		};
		186582F21DE4A9FC000BDDD7 /* Frameworks */ = {
			isa = PBXGroup;
			children = (
				186582F31DE4A9FC000BDDD7 /* SpriteKit.framework */,
			);
			name = Frameworks;
			sourceTree = "<group>";
		};
/* End PBXGroup section */

/* Begin PBXNativeTarget section */
		186582BF1DE3B86D000BDDD7 /* Dino */ = {
			isa = PBXNativeTarget;
			buildConfigurationList = 186582E51DE3B86E000BDDD7 /* Build configuration list for PBXNativeTarget "Dino" */;
			buildPhases = (
				186582BC1DE3B86D000BDDD7 /* Sources */,
				186582BD1DE3B86D000BDDD7 /* Frameworks */,
				186582BE1DE3B86D000BDDD7 /* Resources */,
			);
			buildRules = (
			);
			dependencies = (
			);
			name = Dino;
			productName = Dino;
			productReference = 186582C01DE3B86D000BDDD7 /* Dino.app */;
			productType = "com.apple.product-type.application";
		};
		186582D01DE3B86E000BDDD7 /* DinoTests */ = {
			isa = PBXNativeTarget;
			buildConfigurationList = 186582E81DE3B86E000BDDD7 /* Build configuration list for PBXNativeTarget "DinoTests" */;
			buildPhases = (
				186582CD1DE3B86E000BDDD7 /* Sources */,
				186582CE1DE3B86E000BDDD7 /* Frameworks */,
				186582CF1DE3B86E000BDDD7 /* Resources */,
			);
			buildRules = (
			);
			dependencies = (
				186582D31DE3B86E000BDDD7 /* PBXTargetDependency */,
			);
			name = DinoTests;
			productName = DinoTests;
			productReference = 186582D11DE3B86E000BDDD7 /* DinoTests.xctest */;
			productType = "com.apple.product-type.bundle.unit-test";
		};
		186582DB1DE3B86E000BDDD7 /* DinoUITests */ = {
			isa = PBXNativeTarget;
			buildConfigurationList = 186582EB1DE3B86E000BDDD7 /* Build configuration list for PBXNativeTarget "DinoUITests" */;
			buildPhases = (
				186582D81DE3B86E000BDDD7 /* Sources */,
				186582D91DE3B86E000BDDD7 /* Frameworks */,
				186582DA1DE3B86E000BDDD7 /* Resources */,
			);
			buildRules = (
			);
			dependencies = (
				186582DE1DE3B86E000BDDD7 /* PBXTargetDependency */,
			);
			name = DinoUITests;
			productName = DinoUITests;
			productReference = 186582DC1DE3B86E000BDDD7 /* DinoUITests.xctest */;
			productType = "com.apple.product-type.bundle.ui-testing";
		};
/* End PBXNativeTarget section */

/* Begin PBXProject section */
		186582B81DE3B86D000BDDD7 /* Project object */ = {
			isa = PBXProject;
			attributes = {
				LastSwiftUpdateCheck = 0810;
				LastUpgradeCheck = 0810;
				ORGANIZATIONNAME = "Yuhui Li";
				TargetAttributes = {
					186582BF1DE3B86D000BDDD7 = {
						CreatedOnToolsVersion = 8.1;
						DevelopmentTeam = ZET9SZ3EH2;
						ProvisioningStyle = Automatic;
					};
					186582D01DE3B86E000BDDD7 = {
						CreatedOnToolsVersion = 8.1;
						DevelopmentTeam = ZET9SZ3EH2;
						ProvisioningStyle = Automatic;
						TestTargetID = 186582BF1DE3B86D000BDDD7;
					};
					186582DB1DE3B86E000BDDD7 = {
						CreatedOnToolsVersion = 8.1;
						DevelopmentTeam = ZET9SZ3EH2;
						ProvisioningStyle = Automatic;
						TestTargetID = 186582BF1DE3B86D000BDDD7;
					};
				};
			};
			buildConfigurationList = 186582BB1DE3B86D000BDDD7 /* Build configuration list for PBXProject "Dino" */;
			compatibilityVersion = "Xcode 3.2";
			developmentRegion = English;
			hasScannedForEncodings = 0;
			knownRegions = (
				en,
				Base,
			);
			mainGroup = 186582B71DE3B86D000BDDD7;
			productRefGroup = 186582C11DE3B86D000BDDD7 /* Products */;
			projectDirPath = "";
			projectRoot = "";
			targets = (
				186582BF1DE3B86D000BDDD7 /* Dino */,
				186582D01DE3B86E000BDDD7 /* DinoTests */,
				186582DB1DE3B86E000BDDD7 /* DinoUITests */,
			);
		};
/* End PBXProject section */

/* Begin PBXResourcesBuildPhase section */
		186582BE1DE3B86D000BDDD7 /* Resources */ = {
			isa = PBXResourcesBuildPhase;
			buildActionMask = 2147483647;
			files = (
				186582C81DE3B86D000BDDD7 /* Assets.xcassets in Resources */,
				186582CB1DE3B86E000BDDD7 /* Main.storyboard in Resources */,
			);
			runOnlyForDeploymentPostprocessing = 0;
		};
		186582CF1DE3B86E000BDDD7 /* Resources */ = {
			isa = PBXResourcesBuildPhase;
			buildActionMask = 2147483647;
			files = (
			);
			runOnlyForDeploymentPostprocessing = 0;
		};
		186582DA1DE3B86E000BDDD7 /* Resources */ = {
			isa = PBXResourcesBuildPhase;
			buildActionMask = 2147483647;
			files = (
			);
			runOnlyForDeploymentPostprocessing = 0;
		};
/* End PBXResourcesBuildPhase section */

/* Begin PBXSourcesBuildPhase section */
		186582BC1DE3B86D000BDDD7 /* Sources */ = {
			isa = PBXSourcesBuildPhase;
			buildActionMask = 2147483647;
			files = (
				186582F81DE4C616000BDDD7 /* DinoView.swift in Sources */,
				186582C61DE3B86D000BDDD7 /* ViewController.swift in Sources */,
				186582EF1DE3BC00000BDDD7 /* WindowController.swift in Sources */,
				186582C41DE3B86D000BDDD7 /* AppDelegate.swift in Sources */,
				186582F61DE4C4B1000BDDD7 /* DinoScene.swift in Sources */,
			);
			runOnlyForDeploymentPostprocessing = 0;
		};
		186582CD1DE3B86E000BDDD7 /* Sources */ = {
			isa = PBXSourcesBuildPhase;
			buildActionMask = 2147483647;
			files = (
				186582D61DE3B86E000BDDD7 /* DinoTests.swift in Sources */,
			);
			runOnlyForDeploymentPostprocessing = 0;
		};
		186582D81DE3B86E000BDDD7 /* Sources */ = {
			isa = PBXSourcesBuildPhase;
			buildActionMask = 2147483647;
			files = (
				186582E11DE3B86E000BDDD7 /* DinoUITests.swift in Sources */,
			);
			runOnlyForDeploymentPostprocessing = 0;
		};
/* End PBXSourcesBuildPhase section */

/* Begin PBXTargetDependency section */
		186582D31DE3B86E000BDDD7 /* PBXTargetDependency */ = {
			isa = PBXTargetDependency;
			target = 186582BF1DE3B86D000BDDD7 /* Dino */;
			targetProxy = 186582D21DE3B86E000BDDD7 /* PBXContainerItemProxy */;
		};
		186582DE1DE3B86E000BDDD7 /* PBXTargetDependency */ = {
			isa = PBXTargetDependency;
			target = 186582BF1DE3B86D000BDDD7 /* Dino */;
			targetProxy = 186582DD1DE3B86E000BDDD7 /* PBXContainerItemProxy */;
		};
/* End PBXTargetDependency section */

/* Begin PBXVariantGroup section */
		186582C91DE3B86E000BDDD7 /* Main.storyboard */ = {
			isa = PBXVariantGroup;
			children = (
				186582CA1DE3B86E000BDDD7 /* Base */,
			);
			name = Main.storyboard;
			sourceTree = "<group>";
		};
/* End PBXVariantGroup section */

/* Begin XCBuildConfiguration section */
		186582E31DE3B86E000BDDD7 /* Debug */ = {
			isa = XCBuildConfiguration;
			buildSettings = {
				ALWAYS_SEARCH_USER_PATHS = NO;
				CLANG_ANALYZER_NONNULL = YES;
				CLANG_CXX_LANGUAGE_STANDARD = "gnu++0x";
				CLANG_CXX_LIBRARY = "libc++";
				CLANG_ENABLE_MODULES = YES;
				CLANG_ENABLE_OBJC_ARC = YES;
				CLANG_WARN_BOOL_CONVERSION = YES;
				CLANG_WARN_CONSTANT_CONVERSION = YES;
				CLANG_WARN_DIRECT_OBJC_ISA_USAGE = YES_ERROR;
				CLANG_WARN_DOCUMENTATION_COMMENTS = YES;
				CLANG_WARN_EMPTY_BODY = YES;
				CLANG_WARN_ENUM_CONVERSION = YES;
				CLANG_WARN_INFINITE_RECURSION = YES;
				CLANG_WARN_INT_CONVERSION = YES;
				CLANG_WARN_OBJC_ROOT_CLASS = YES_ERROR;
				CLANG_WARN_SUSPICIOUS_MOVES = YES;
				CLANG_WARN_UNREACHABLE_CODE = YES;
				CLANG_WARN__DUPLICATE_METHOD_MATCH = YES;
				CODE_SIGN_IDENTITY = "-";
				COPY_PHASE_STRIP = NO;
				DEBUG_INFORMATION_FORMAT = dwarf;
				ENABLE_STRICT_OBJC_MSGSEND = YES;
				ENABLE_TESTABILITY = YES;
				GCC_C_LANGUAGE_STANDARD = gnu99;
				GCC_DYNAMIC_NO_PIC = NO;
				GCC_NO_COMMON_BLOCKS = YES;
				GCC_OPTIMIZATION_LEVEL = 0;
				GCC_PREPROCESSOR_DEFINITIONS = (
					"DEBUG=1",
					"$(inherited)",
				);
				GCC_WARN_64_TO_32_BIT_CONVERSION = YES;
				GCC_WARN_ABOUT_RETURN_TYPE = YES_ERROR;
				GCC_WARN_UNDECLARED_SELECTOR = YES;
				GCC_WARN_UNINITIALIZED_AUTOS = YES_AGGRESSIVE;
				GCC_WARN_UNUSED_FUNCTION = YES;
				GCC_WARN_UNUSED_VARIABLE = YES;
				MACOSX_DEPLOYMENT_TARGET = 10.12;
				MTL_ENABLE_DEBUG_INFO = YES;
				ONLY_ACTIVE_ARCH = YES;
				SDKROOT = macosx;
				SWIFT_ACTIVE_COMPILATION_CONDITIONS = DEBUG;
				SWIFT_OPTIMIZATION_LEVEL = "-Onone";
			};
			name = Debug;
		};
		186582E41DE3B86E000BDDD7 /* Release */ = {
			isa = XCBuildConfiguration;
			buildSettings = {
				ALWAYS_SEARCH_USER_PATHS = NO;
				CLANG_ANALYZER_NONNULL = YES;
				CLANG_CXX_LANGUAGE_STANDARD = "gnu++0x";
				CLANG_CXX_LIBRARY = "libc++";
				CLANG_ENABLE_MODULES = YES;
				CLANG_ENABLE_OBJC_ARC = YES;
				CLANG_WARN_BOOL_CONVERSION = YES;
				CLANG_WARN_CONSTANT_CONVERSION = YES;
				CLANG_WARN_DIRECT_OBJC_ISA_USAGE = YES_ERROR;
				CLANG_WARN_DOCUMENTATION_COMMENTS = YES;
				CLANG_WARN_EMPTY_BODY = YES;
				CLANG_WARN_ENUM_CONVERSION = YES;
				CLANG_WARN_INFINITE_RECURSION = YES;
				CLANG_WARN_INT_CONVERSION = YES;
				CLANG_WARN_OBJC_ROOT_CLASS = YES_ERROR;
				CLANG_WARN_SUSPICIOUS_MOVES = YES;
				CLANG_WARN_UNREACHABLE_CODE = YES;
				CLANG_WARN__DUPLICATE_METHOD_MATCH = YES;
				CODE_SIGN_IDENTITY = "-";
				COPY_PHASE_STRIP = NO;
				DEBUG_INFORMATION_FORMAT = "dwarf-with-dsym";
				ENABLE_NS_ASSERTIONS = NO;
				ENABLE_STRICT_OBJC_MSGSEND = YES;
				GCC_C_LANGUAGE_STANDARD = gnu99;
				GCC_NO_COMMON_BLOCKS = YES;
				GCC_WARN_64_TO_32_BIT_CONVERSION = YES;
				GCC_WARN_ABOUT_RETURN_TYPE = YES_ERROR;
				GCC_WARN_UNDECLARED_SELECTOR = YES;
				GCC_WARN_UNINITIALIZED_AUTOS = YES_AGGRESSIVE;
				GCC_WARN_UNUSED_FUNCTION = YES;
				GCC_WARN_UNUSED_VARIABLE = YES;
				MACOSX_DEPLOYMENT_TARGET = 10.12;
				MTL_ENABLE_DEBUG_INFO = NO;
				SDKROOT = macosx;
				SWIFT_OPTIMIZATION_LEVEL = "-Owholemodule";
			};
			name = Release;
		};
		186582E61DE3B86E000BDDD7 /* Debug */ = {
			isa = XCBuildConfiguration;
			buildSettings = {
				ASSETCATALOG_COMPILER_APPICON_NAME = AppIcon;
				COMBINE_HIDPI_IMAGES = YES;
				DEVELOPMENT_TEAM = ZET9SZ3EH2;
				INFOPLIST_FILE = Dino/Info.plist;
				LD_RUNPATH_SEARCH_PATHS = "$(inherited) @executable_path/../Frameworks";
				PRODUCT_BUNDLE_IDENTIFIER = com.yuhuili.Dino;
				PRODUCT_NAME = "$(TARGET_NAME)";
				SWIFT_VERSION = 3.0;
			};
			name = Debug;
		};
		186582E71DE3B86E000BDDD7 /* Release */ = {
			isa = XCBuildConfiguration;
			buildSettings = {
				ASSETCATALOG_COMPILER_APPICON_NAME = AppIcon;
				COMBINE_HIDPI_IMAGES = YES;
				DEVELOPMENT_TEAM = ZET9SZ3EH2;
				INFOPLIST_FILE = Dino/Info.plist;
				LD_RUNPATH_SEARCH_PATHS = "$(inherited) @executable_path/../Frameworks";
				PRODUCT_BUNDLE_IDENTIFIER = com.yuhuili.Dino;
				PRODUCT_NAME = "$(TARGET_NAME)";
				SWIFT_VERSION = 3.0;
			};
			name = Release;
		};
		186582E91DE3B86E000BDDD7 /* Debug */ = {
			isa = XCBuildConfiguration;
			buildSettings = {
				ALWAYS_EMBED_SWIFT_STANDARD_LIBRARIES = YES;
				BUNDLE_LOADER = "$(TEST_HOST)";
				COMBINE_HIDPI_IMAGES = YES;
				DEVELOPMENT_TEAM = ZET9SZ3EH2;
				INFOPLIST_FILE = DinoTests/Info.plist;
				LD_RUNPATH_SEARCH_PATHS = "$(inherited) @executable_path/../Frameworks @loader_path/../Frameworks";
				PRODUCT_BUNDLE_IDENTIFIER = com.yuhuili.DinoTests;
				PRODUCT_NAME = "$(TARGET_NAME)";
				SWIFT_VERSION = 3.0;
				TEST_HOST = "$(BUILT_PRODUCTS_DIR)/Dino.app/Contents/MacOS/Dino";
			};
			name = Debug;
		};
		186582EA1DE3B86E000BDDD7 /* Release */ = {
			isa = XCBuildConfiguration;
			buildSettings = {
				ALWAYS_EMBED_SWIFT_STANDARD_LIBRARIES = YES;
				BUNDLE_LOADER = "$(TEST_HOST)";
				COMBINE_HIDPI_IMAGES = YES;
				DEVELOPMENT_TEAM = ZET9SZ3EH2;
				INFOPLIST_FILE = DinoTests/Info.plist;
				LD_RUNPATH_SEARCH_PATHS = "$(inherited) @executable_path/../Frameworks @loader_path/../Frameworks";
				PRODUCT_BUNDLE_IDENTIFIER = com.yuhuili.DinoTests;
				PRODUCT_NAME = "$(TARGET_NAME)";
				SWIFT_VERSION = 3.0;
				TEST_HOST = "$(BUILT_PRODUCTS_DIR)/Dino.app/Contents/MacOS/Dino";
			};
			name = Release;
		};
		186582EC1DE3B86E000BDDD7 /* Debug */ = {
			isa = XCBuildConfiguration;
			buildSettings = {
				ALWAYS_EMBED_SWIFT_STANDARD_LIBRARIES = YES;
				COMBINE_HIDPI_IMAGES = YES;
				DEVELOPMENT_TEAM = ZET9SZ3EH2;
				INFOPLIST_FILE = DinoUITests/Info.plist;
				LD_RUNPATH_SEARCH_PATHS = "$(inherited) @executable_path/../Frameworks @loader_path/../Frameworks";
				PRODUCT_BUNDLE_IDENTIFIER = com.yuhuili.DinoUITests;
				PRODUCT_NAME = "$(TARGET_NAME)";
				SWIFT_VERSION = 3.0;
				TEST_TARGET_NAME = Dino;
			};
			name = Debug;
		};
		186582ED1DE3B86E000BDDD7 /* Release */ = {
			isa = XCBuildConfiguration;
			buildSettings = {
				ALWAYS_EMBED_SWIFT_STANDARD_LIBRARIES = YES;
				COMBINE_HIDPI_IMAGES = YES;
				DEVELOPMENT_TEAM = ZET9SZ3EH2;
				INFOPLIST_FILE = DinoUITests/Info.plist;
				LD_RUNPATH_SEARCH_PATHS = "$(inherited) @executable_path/../Frameworks @loader_path/../Frameworks";
				PRODUCT_BUNDLE_IDENTIFIER = com.yuhuili.DinoUITests;
				PRODUCT_NAME = "$(TARGET_NAME)";
				SWIFT_VERSION = 3.0;
				TEST_TARGET_NAME = Dino;
			};
			name = Release;
		};
/* End XCBuildConfiguration section */

/* Begin XCConfigurationList section */
		186582BB1DE3B86D000BDDD7 /* Build configuration list for PBXProject "Dino" */ = {
			isa = XCConfigurationList;
			buildConfigurations = (
				186582E31DE3B86E000BDDD7 /* Debug */,
				186582E41DE3B86E000BDDD7 /* Release */,
			);
			defaultConfigurationIsVisible = 0;
			defaultConfigurationName = Release;
		};
		186582E51DE3B86E000BDDD7 /* Build configuration list for PBXNativeTarget "Dino" */ = {
			isa = XCConfigurationList;
			buildConfigurations = (
				186582E61DE3B86E000BDDD7 /* Debug */,
				186582E71DE3B86E000BDDD7 /* Release */,
			);
			defaultConfigurationIsVisible = 0;
			defaultConfigurationName = Release;
		};
		186582E81DE3B86E000BDDD7 /* Build configuration list for PBXNativeTarget "DinoTests" */ = {
			isa = XCConfigurationList;
			buildConfigurations = (
				186582E91DE3B86E000BDDD7 /* Debug */,
				186582EA1DE3B86E000BDDD7 /* Release */,
			);
			defaultConfigurationIsVisible = 0;
			defaultConfigurationName = Release;
		};
		186582EB1DE3B86E000BDDD7 /* Build configuration list for PBXNativeTarget "DinoUITests" */ = {
			isa = XCConfigurationList;
			buildConfigurations = (
				186582EC1DE3B86E000BDDD7 /* Debug */,
				186582ED1DE3B86E000BDDD7 /* Release */,
			);
			defaultConfigurationIsVisible = 0;
			defaultConfigurationName = Release;
		};
/* End XCConfigurationList section */
	};
	rootObject = 186582B81DE3B86D000BDDD7 /* Project object */;
}
